{
  "name": "python-openbmclapi-site-v2",
  "lockfileVersion": 3,
  "requires": true,
  "packages": {
    "": {
      "dependencies": {
        "asciinema-player": "^3.8.2"
      }
    },
    "node_modules/@babel/runtime": {
      "version": "7.26.0",
      "resolved": "https://registry.npmmirror.com/@babel/runtime/-/runtime-7.26.0.tgz",
      "integrity": "sha512-FDSOghenHTiToteC/QRlv2q3DhPZ/oOXTBoirfWNx1Cx3TMVcGWQtMMmQcSvb/JjpNeGzx8Pq/b4fKEJuWm1sw==",
      "license": "MIT",
      "dependencies": {
        "regenerator-runtime": "^0.14.0"
      },
      "engines": {
        "node": ">=6.9.0"
      }
    },
    "node_modules/asciinema-player": {
      "version": "3.8.2",
      "resolved": "https://registry.npmmirror.com/asciinema-player/-/asciinema-player-3.8.2.tgz",
      "integrity": "sha512-Lgcnj9u/H6sRpGRX1my7Azcay6llLmB/GVkCGcDbPwdTVTisS1ir8SQ9jRWRvjlLUjpSJkN0euruvy3sLRM8tw==",
      "license": "Apache-2.0",
      "dependencies": {
        "@babel/runtime": "^7.21.0",
        "solid-js": "^1.3.0"
      }
    },
    "node_modules/csstype": {
      "version": "3.1.3",
      "resolved": "https://registry.npmmirror.com/csstype/-/csstype-3.1.3.tgz",
      "integrity": "sha512-M1uQkMl8rQK/szD0LNhtqxIPLpimGm8sOBwU7lLnCpSbTyY3yeU1Vc7l4KT5zT4s/yOxHH5O7tIuuLOCnLADRw==",
      "license": "MIT"
    },
    "node_modules/regenerator-runtime": {
      "version": "0.14.1",
      "resolved": "https://registry.npmmirror.com/regenerator-runtime/-/regenerator-runtime-0.14.1.tgz",
      "integrity": "sha512-dYnhHh0nJoMfnkZs6GmmhFknAGRrLznOu5nc9ML+EJxGvrx6H7teuevqVqCuPcPK//3eDrrjQhehXVx9cnkGdw==",
      "license": "MIT"
    },
    "node_modules/seroval": {
      "version": "1.2.0",
      "resolved": "https://registry.npmmirror.com/seroval/-/seroval-1.2.0.tgz",
      "integrity": "sha512-GURoU99ko2UiAgUC3qDCk59Jb3Ss4Po8VIMGkG8j5PFo2Q7y0YSMP8QG9NuL/fJCoTz9V1XZUbpNIMXPOfaGpA==",
      "license": "MIT",
      "engines": {
        "node": ">=10"
      }
    },
    "node_modules/seroval-plugins": {
      "version": "1.2.0",
      "resolved": "https://registry.npmmirror.com/seroval-plugins/-/seroval-plugins-1.2.0.tgz",
      "integrity": "sha512-hULTbfzSe81jGWLH8TAJjkEvw6JWMqOo9Uq+4V4vg+HNq53hyHldM9ZOfjdzokcFysiTp9aFdV2vJpZFqKeDjQ==",
      "license": "MIT",
      "engines": {
        "node": ">=10"
      },
      "peerDependencies": {
        "seroval": "^1.0"
      }
    },
    "node_modules/solid-js": {
      "version": "1.9.4",
      "resolved": "https://registry.npmmirror.com/solid-js/-/solid-js-1.9.4.tgz",
      "integrity": "sha512-ipQl8FJ31bFUoBNScDQTG3BjN6+9Rg+Q+f10bUbnO6EOTTf5NGerJeHc7wyu5I4RMHEl/WwZwUmy/PTRgxxZ8g==",
      "license": "MIT",
      "dependencies": {
        "csstype": "^3.1.0",
        "seroval": "^1.1.0",
        "seroval-plugins": "^1.1.0"
      }
    }
  }
}
